
Microsoft Visual Studio Solution File, Format Version 10.00
# Visual Studio 2008
Project("{8BC9CEB8-8B4A-11D0-8D11-00A0C91BC942}") = "QGLViewer2d", "..\include\QGLViewer\qglviewer.vcproj", "{53642F4E-AE40-37CD-85D9-55A2CDA0B306}"
EndProject
Project("{8BC9CEB8-8B4A-11D0-8D11-00A0C91BC942}") = "mesecina3d", "..\src\mesecina3d.vcproj", "{A587EAEE-E6C3-37B6-9A7D-77F1CDD643DC}"
	ProjectSection(ProjectDependencies) = postProject
		{B98DF31E-7EB2-3FFB-8330-47A9DFA85143} = {B98DF31E-7EB2-3FFB-8330-47A9DFA85143}
		{E3E8D920-B45E-3C09-870C-AC34B435C9D4} = {E3E8D920-B45E-3C09-870C-AC34B435C9D4}
		{B3B0563E-06E7-3AED-A7E9-2BC4A8EC368D} = {B3B0563E-06E7-3AED-A7E9-2BC4A8EC368D}
		{65094045-07A2-3F1F-A0E5-A896987C2018} = {65094045-07A2-3F1F-A0E5-A896987C2018}
		{D0609E86-21AB-4C27-9014-44959D825E48} = {D0609E86-21AB-4C27-9014-44959D825E48}
		{11D0BD8E-C49D-3164-BF0E-C045E593EE5A} = {11D0BD8E-C49D-3164-BF0E-C045E593EE5A}
		{B08D669C-CFD7-377B-B7DA-C6FCAAC30AE9} = {B08D669C-CFD7-377B-B7DA-C6FCAAC30AE9}
		{9D4E7BB1-8393-3177-8659-9CAC419F02DB} = {9D4E7BB1-8393-3177-8659-9CAC419F02DB}
	EndProjectSection
EndProject
Project("{8BC9CEB8-8B4A-11D0-8D11-00A0C91BC942}") = "mesecina_static", "..\src\mesecina_static.vcproj", "{B98DF31E-7EB2-3FFB-8330-47A9DFA85143}"
EndProject
Project("{8BC9CEB8-8B4A-11D0-8D11-00A0C91BC942}") = "gl_widget_3", "..\src\gl_widget_3.vcproj", "{D0609E86-21AB-4C27-9014-44959D825E48}"
	ProjectSection(ProjectDependencies) = postProject
		{B98DF31E-7EB2-3FFB-8330-47A9DFA85143} = {B98DF31E-7EB2-3FFB-8330-47A9DFA85143}
		{53642F4E-AE40-37CD-85D9-55A2CDA0B306} = {53642F4E-AE40-37CD-85D9-55A2CDA0B306}
	EndProjectSection
EndProject
Project("{8BC9CEB8-8B4A-11D0-8D11-00A0C91BC942}") = "mesh_view_3", "..\src\geometries\mesh_view_3\mesh_view_3.vcproj", "{11D0BD8E-C49D-3164-BF0E-C045E593EE5A}"
	ProjectSection(ProjectDependencies) = postProject
		{B98DF31E-7EB2-3FFB-8330-47A9DFA85143} = {B98DF31E-7EB2-3FFB-8330-47A9DFA85143}
		{D0609E86-21AB-4C27-9014-44959D825E48} = {D0609E86-21AB-4C27-9014-44959D825E48}
	EndProjectSection
EndProject
Project("{8BC9CEB8-8B4A-11D0-8D11-00A0C91BC942}") = "power_crust_3", "..\src\geometries\power_crust_3\power_crust_3.vcproj", "{E3E8D920-B45E-3C09-870C-AC34B435C9D4}"
	ProjectSection(ProjectDependencies) = postProject
		{B98DF31E-7EB2-3FFB-8330-47A9DFA85143} = {B98DF31E-7EB2-3FFB-8330-47A9DFA85143}
		{D0609E86-21AB-4C27-9014-44959D825E48} = {D0609E86-21AB-4C27-9014-44959D825E48}
	EndProjectSection
EndProject
Project("{8BC9CEB8-8B4A-11D0-8D11-00A0C91BC942}") = "union_of_balls_3", "..\src\geometries\union_of_balls_3\union_of_balls_3.vcproj", "{65094045-07A2-3F1F-A0E5-A896987C2018}"
	ProjectSection(ProjectDependencies) = postProject
		{B98DF31E-7EB2-3FFB-8330-47A9DFA85143} = {B98DF31E-7EB2-3FFB-8330-47A9DFA85143}
		{D0609E86-21AB-4C27-9014-44959D825E48} = {D0609E86-21AB-4C27-9014-44959D825E48}
	EndProjectSection
EndProject
Project("{8BC9CEB8-8B4A-11D0-8D11-00A0C91BC942}") = "skin_surface_3", "..\src\geometries\skin_surface_3\skin_surface_3.vcproj", "{B3B0563E-06E7-3AED-A7E9-2BC4A8EC368D}"
	ProjectSection(ProjectDependencies) = postProject
		{B98DF31E-7EB2-3FFB-8330-47A9DFA85143} = {B98DF31E-7EB2-3FFB-8330-47A9DFA85143}
		{D0609E86-21AB-4C27-9014-44959D825E48} = {D0609E86-21AB-4C27-9014-44959D825E48}
	EndProjectSection
EndProject
Project("{8BC9CEB8-8B4A-11D0-8D11-00A0C91BC942}") = "medial_explore_3", "..\src\geometries\medial_explore_3\medial_explore_3.vcproj", "{9D4E7BB1-8393-3177-8659-9CAC419F02DB}"
	ProjectSection(ProjectDependencies) = postProject
		{B98DF31E-7EB2-3FFB-8330-47A9DFA85143} = {B98DF31E-7EB2-3FFB-8330-47A9DFA85143}
		{D0609E86-21AB-4C27-9014-44959D825E48} = {D0609E86-21AB-4C27-9014-44959D825E48}
	EndProjectSection
EndProject
Project("{8BC9CEB8-8B4A-11D0-8D11-00A0C91BC942}") = "moebius_3", "..\src\geometries\moebius_3\moebius_3.vcproj", "{B08D669C-CFD7-377B-B7DA-C6FCAAC30AE9}"
	ProjectSection(ProjectDependencies) = postProject
		{B98DF31E-7EB2-3FFB-8330-47A9DFA85143} = {B98DF31E-7EB2-3FFB-8330-47A9DFA85143}
		{D0609E86-21AB-4C27-9014-44959D825E48} = {D0609E86-21AB-4C27-9014-44959D825E48}
	EndProjectSection
EndProject
Global
	GlobalSection(SolutionConfigurationPlatforms) = preSolution
		Debug|Win32 = Debug|Win32
		Debug|x64 = Debug|x64
		Release|Win32 = Release|Win32
		Release|x64 = Release|x64
	EndGlobalSection
	GlobalSection(ProjectConfigurationPlatforms) = postSolution
		{53642F4E-AE40-37CD-85D9-55A2CDA0B306}.Debug|Win32.ActiveCfg = Debug|Win32
		{53642F4E-AE40-37CD-85D9-55A2CDA0B306}.Debug|Win32.Build.0 = Debug|Win32
		{53642F4E-AE40-37CD-85D9-55A2CDA0B306}.Debug|x64.ActiveCfg = Debug|Win32
		{53642F4E-AE40-37CD-85D9-55A2CDA0B306}.Release|Win32.ActiveCfg = Release|Win32
		{53642F4E-AE40-37CD-85D9-55A2CDA0B306}.Release|Win32.Build.0 = Release|Win32
		{53642F4E-AE40-37CD-85D9-55A2CDA0B306}.Release|x64.ActiveCfg = Release|Win32
		{A587EAEE-E6C3-37B6-9A7D-77F1CDD643DC}.Debug|Win32.ActiveCfg = Debug|Win32
		{A587EAEE-E6C3-37B6-9A7D-77F1CDD643DC}.Debug|Win32.Build.0 = Debug|Win32
		{A587EAEE-E6C3-37B6-9A7D-77F1CDD643DC}.Debug|x64.ActiveCfg = Debug|Win32
		{A587EAEE-E6C3-37B6-9A7D-77F1CDD643DC}.Release|Win32.ActiveCfg = Release|Win32
		{A587EAEE-E6C3-37B6-9A7D-77F1CDD643DC}.Release|Win32.Build.0 = Release|Win32
		{A587EAEE-E6C3-37B6-9A7D-77F1CDD643DC}.Release|x64.ActiveCfg = Release|Win32
		{B98DF31E-7EB2-3FFB-8330-47A9DFA85143}.Debug|Win32.ActiveCfg = Debug|Win32
		{B98DF31E-7EB2-3FFB-8330-47A9DFA85143}.Debug|Win32.Build.0 = Debug|Win32
		{B98DF31E-7EB2-3FFB-8330-47A9DFA85143}.Debug|x64.ActiveCfg = Debug|Win32
		{B98DF31E-7EB2-3FFB-8330-47A9DFA85143}.Release|Win32.ActiveCfg = Release|Win32
		{B98DF31E-7EB2-3FFB-8330-47A9DFA85143}.Release|Win32.Build.0 = Release|Win32
		{B98DF31E-7EB2-3FFB-8330-47A9DFA85143}.Release|x64.ActiveCfg = Release|Win32
		{D0609E86-21AB-4C27-9014-44959D825E48}.Debug|Win32.ActiveCfg = Debug|Win32
		{D0609E86-21AB-4C27-9014-44959D825E48}.Debug|Win32.Build.0 = Debug|Win32
		{D0609E86-21AB-4C27-9014-44959D825E48}.Debug|x64.ActiveCfg = Debug|Win32
		{D0609E86-21AB-4C27-9014-44959D825E48}.Release|Win32.ActiveCfg = Release|Win32
		{D0609E86-21AB-4C27-9014-44959D825E48}.Release|Win32.Build.0 = Release|Win32
		{D0609E86-21AB-4C27-9014-44959D825E48}.Release|x64.ActiveCfg = Release|Win32
		{11D0BD8E-C49D-3164-BF0E-C045E593EE5A}.Debug|Win32.ActiveCfg = Debug|Win32
		{11D0BD8E-C49D-3164-BF0E-C045E593EE5A}.Debug|Win32.Build.0 = Debug|Win32
		{11D0BD8E-C49D-3164-BF0E-C045E593EE5A}.Debug|x64.ActiveCfg = Debug|Win32
		{11D0BD8E-C49D-3164-BF0E-C045E593EE5A}.Release|Win32.ActiveCfg = Release|Win32
		{11D0BD8E-C49D-3164-BF0E-C045E593EE5A}.Release|Win32.Build.0 = Release|Win32
		{11D0BD8E-C49D-3164-BF0E-C045E593EE5A}.Release|x64.ActiveCfg = Release|Win32
		{E3E8D920-B45E-3C09-870C-AC34B435C9D4}.Debug|Win32.ActiveCfg = Debug|Win32
		{E3E8D920-B45E-3C09-870C-AC34B435C9D4}.Debug|Win32.Build.0 = Debug|Win32
		{E3E8D920-B45E-3C09-870C-AC34B435C9D4}.Debug|x64.ActiveCfg = Debug|Win32
		{E3E8D920-B45E-3C09-870C-AC34B435C9D4}.Release|Win32.ActiveCfg = Release|Win32
		{E3E8D920-B45E-3C09-870C-AC34B435C9D4}.Release|Win32.Build.0 = Release|Win32
		{E3E8D920-B45E-3C09-870C-AC34B435C9D4}.Release|x64.ActiveCfg = Release|Win32
		{65094045-07A2-3F1F-A0E5-A896987C2018}.Debug|Win32.ActiveCfg = Debug|Win32
		{65094045-07A2-3F1F-A0E5-A896987C2018}.Debug|Win32.Build.0 = Debug|Win32
		{65094045-07A2-3F1F-A0E5-A896987C2018}.Debug|x64.ActiveCfg = Debug|Win32
		{65094045-07A2-3F1F-A0E5-A896987C2018}.Release|Win32.ActiveCfg = Release|Win32
		{65094045-07A2-3F1F-A0E5-A896987C2018}.Release|Win32.Build.0 = Release|Win32
		{65094045-07A2-3F1F-A0E5-A896987C2018}.Release|x64.ActiveCfg = Release|Win32
		{B3B0563E-06E7-3AED-A7E9-2BC4A8EC368D}.Debug|Win32.ActiveCfg = Debug|Win32
		{B3B0563E-06E7-3AED-A7E9-2BC4A8EC368D}.Debug|Win32.Build.0 = Debug|Win32
		{B3B0563E-06E7-3AED-A7E9-2BC4A8EC368D}.Debug|x64.ActiveCfg = Debug|Win32
		{B3B0563E-06E7-3AED-A7E9-2BC4A8EC368D}.Release|Win32.ActiveCfg = Release|Win32
		{B3B0563E-06E7-3AED-A7E9-2BC4A8EC368D}.Release|Win32.Build.0 = Release|Win32
		{B3B0563E-06E7-3AED-A7E9-2BC4A8EC368D}.Release|x64.ActiveCfg = Release|Win32
		{9D4E7BB1-8393-3177-8659-9CAC419F02DB}.Debug|Win32.ActiveCfg = Debug|Win32
		{9D4E7BB1-8393-3177-8659-9CAC419F02DB}.Debug|Win32.Build.0 = Debug|Win32
		{9D4E7BB1-8393-3177-8659-9CAC419F02DB}.Debug|x64.ActiveCfg = Debug|Win32
		{9D4E7BB1-8393-3177-8659-9CAC419F02DB}.Release|Win32.ActiveCfg = Release|Win32
		{9D4E7BB1-8393-3177-8659-9CAC419F02DB}.Release|Win32.Build.0 = Release|Win32
		{9D4E7BB1-8393-3177-8659-9CAC419F02DB}.Release|x64.ActiveCfg = Release|Win32
		{B08D669C-CFD7-377B-B7DA-C6FCAAC30AE9}.Debug|Win32.ActiveCfg = Debug|Win32
		{B08D669C-CFD7-377B-B7DA-C6FCAAC30AE9}.Debug|Win32.Build.0 = Debug|Win32
		{B08D669C-CFD7-377B-B7DA-C6FCAAC30AE9}.Debug|x64.ActiveCfg = Debug|Win32
		{B08D669C-CFD7-377B-B7DA-C6FCAAC30AE9}.Release|Win32.ActiveCfg = Release|Win32
		{B08D669C-CFD7-377B-B7DA-C6FCAAC30AE9}.Release|Win32.Build.0 = Release|Win32
		{B08D669C-CFD7-377B-B7DA-C6FCAAC30AE9}.Release|x64.ActiveCfg = Release|Win32
	EndGlobalSection
	GlobalSection(SolutionProperties) = preSolution
		HideSolutionNode = FALSE
	EndGlobalSection
EndGlobal
